
Microsoft Visual Studio Solution File, Format Version 12.00
# Visual Studio 15
VisualStudioVersion = 15.0.28307.489
MinimumVisualStudioVersion = 10.0.40219.1
Project("{FAE04EC0-301F-11D3-BF4B-00C04F79EFBC}") = "Tienda", "Tienda\Tienda.csproj", "{1DF5A51F-986F-43DC-9E7A-D751D2FDB076}"
EndProject
Global
	GlobalSection(SolutionConfigurationPlatforms) = preSolution
		Debug|Any CPU = Debug|Any CPU
		Release|Any CPU = Release|Any CPU
	EndGlobalSection
	GlobalSection(ProjectConfigurationPlatforms) = postSolution
		{1DF5A51F-986F-43DC-9E7A-D751D2FDB076}.Debug|Any CPU.ActiveCfg = Debug|Any CPU
		{1DF5A51F-986F-43DC-9E7A-D751D2FDB076}.Debug|Any CPU.Build.0 = Debug|Any CPU
		{1DF5A51F-986F-43DC-9E7A-D751D2FDB076}.Release|Any CPU.ActiveCfg = Release|Any CPU
		{1DF5A51F-986F-43DC-9E7A-D751D2FDB076}.Release|Any CPU.Build.0 = Release|Any CPU
	EndGlobalSection
	GlobalSection(SolutionProperties) = preSolution
		HideSolutionNode = FALSE
	EndGlobalSection
	GlobalSection(ExtensibilityGlobals) = postSolution
		SolutionGuid = {46BB8B51-A1FC-483F-8938-AD1D61271CB5}
	EndGlobalSection
EndGlobal
